{
  "name": "kafka-presentation",
  "version": "1.0.0",
  "lockfileVersion": 1,
  "requires": true,
  "dependencies": {
    "graphre": {
      "version": "0.1.3",
      "resolved": "https://registry.npmjs.org/graphre/-/graphre-0.1.3.tgz",
      "integrity": "sha512-F4OO/+BQj3R2UB3PQOGLgdAUy+SQuwy2A5cVGELAQDJlloSyyHqRe60ESFouRf8W0K+sm6gtWKotOwZoX3BL8w=="
    },
    "impress.js": {
      "version": "1.1.0",
      "resolved": "https://registry.npmjs.org/impress.js/-/impress.js-1.1.0.tgz",
      "integrity": "sha512-APQNnZx1M8RBe9vHdNAiAbIz4MaL0UDqIj0BDJOeFLqI/529/lGMmiz0m/c82xC08tBq8n9JzpMNoDykq0Zckg=="
    },
    "jquery": {
      "version": "3.6.0",
      "resolved": "https://registry.npmjs.org/jquery/-/jquery-3.6.0.tgz",
      "integrity": "sha512-JVzAR/AjBvVt2BmYhxRCSYysDsPcssdmTFnzyLEts9qNwmjmu4JTAMYubEfwVOSwpQ1I1sKKFcxhZCI2buerfw=="
    },
    "nomnoml": {
      "version": "1.4.0",
      "resolved": "https://registry.npmjs.org/nomnoml/-/nomnoml-1.4.0.tgz",
      "integrity": "sha512-sOZIJRYq2uhwgVTfTs5UG2kbrZSjFsCR5eF1RGz6bc1V1+0VnQkekOXolaFvK6IaZcb85rke+NLqtZfW0sNgvw==",
      "requires": {
        "graphre": "^0.1.3"
      }
    }
  }
}
